
Microsoft Visual Studio Solution File, Format Version 12.00
# Visual Studio Version 17
VisualStudioVersion = 17.11.35327.3
MinimumVisualStudioVersion = 10.0.40219.1
Project("{FAE04EC0-301F-11D3-BF4B-00C04F79EFBC}") = "Assignment_3_1_4", "Assignment_3_1_4.csproj", "{94417B0C-C443-40FE-86D1-ADD43764E82B}"
EndProject
Global
	GlobalSection(SolutionConfigurationPlatforms) = preSolution
		Debug|Any CPU = Debug|Any CPU
		Release|Any CPU = Release|Any CPU
	EndGlobalSection
	GlobalSection(ProjectConfigurationPlatforms) = postSolution
		{94417B0C-C443-40FE-86D1-ADD43764E82B}.Debug|Any CPU.ActiveCfg = Debug|Any CPU
		{94417B0C-C443-40FE-86D1-ADD43764E82B}.Debug|Any CPU.Build.0 = Debug|Any CPU
		{94417B0C-C443-40FE-86D1-ADD43764E82B}.Release|Any CPU.ActiveCfg = Release|Any CPU
		{94417B0C-C443-40FE-86D1-ADD43764E82B}.Release|Any CPU.Build.0 = Release|Any CPU
	EndGlobalSection
	GlobalSection(SolutionProperties) = preSolution
		HideSolutionNode = FALSE
	EndGlobalSection
	GlobalSection(ExtensibilityGlobals) = postSolution
		SolutionGuid = {0A841D2A-3940-4A55-B4F8-FC5BA6E6E798}
	EndGlobalSection
EndGlobal
